
Microsoft Visual Studio Solution File, Format Version 12.00
# Visual Studio 15
Project("{FAE04EC0-301F-11D3-BF4B-00C04F79EFBC}") = "Share&QR", "Share&QR.csproj", "{3B638BAF-3D84-E2E3-FD74-9383FD2FC47B}"
EndProject
Project("{FAE04EC0-301F-11D3-BF4B-00C04F79EFBC}") = "Share&QR.Editor", "Share&QR.Editor.csproj", "{6A62CBDB-28F4-2EE7-8B5B-9E8943117A7A}"
EndProject
Global
	GlobalSection(SolutionConfigurationPlatforms) = preSolution
		Debug|Any CPU = Debug|Any CPU
		Release|Any CPU = Release|Any CPU
	EndGlobalSection
	GlobalSection(ProjectConfigurationPlatforms) = postSolution
		{3B638BAF-3D84-E2E3-FD74-9383FD2FC47B}.Debug|Any CPU.ActiveCfg = Debug|Any CPU
		{3B638BAF-3D84-E2E3-FD74-9383FD2FC47B}.Debug|Any CPU.Build.0 = Debug|Any CPU
		{3B638BAF-3D84-E2E3-FD74-9383FD2FC47B}.Release|Any CPU.ActiveCfg = Release|Any CPU
		{3B638BAF-3D84-E2E3-FD74-9383FD2FC47B}.Release|Any CPU.Build.0 = Release|Any CPU
		{6A62CBDB-28F4-2EE7-8B5B-9E8943117A7A}.Debug|Any CPU.ActiveCfg = Debug|Any CPU
		{6A62CBDB-28F4-2EE7-8B5B-9E8943117A7A}.Debug|Any CPU.Build.0 = Debug|Any CPU
		{6A62CBDB-28F4-2EE7-8B5B-9E8943117A7A}.Release|Any CPU.ActiveCfg = Release|Any CPU
		{6A62CBDB-28F4-2EE7-8B5B-9E8943117A7A}.Release|Any CPU.Build.0 = Release|Any CPU
	EndGlobalSection
	GlobalSection(SolutionProperties) = preSolution
		HideSolutionNode = FALSE
	EndGlobalSection
EndGlobal
